
Microsoft Visual Studio Solution File, Format Version 12.00
Project("{FAE04EC0-301F-11D3-BF4B-00C04F79EFBC}") = "OAuth2_Identity", "OAuth2_Identity\OAuth2_Identity.csproj", "{3CD59906-6F94-44BE-8AA1-827E3D2F3630}"
EndProject
Global
	GlobalSection(SolutionConfigurationPlatforms) = preSolution
		Debug|Any CPU = Debug|Any CPU
		Release|Any CPU = Release|Any CPU
	EndGlobalSection
	GlobalSection(ProjectConfigurationPlatforms) = postSolution
		{3CD59906-6F94-44BE-8AA1-827E3D2F3630}.Debug|Any CPU.ActiveCfg = Debug|Any CPU
		{3CD59906-6F94-44BE-8AA1-827E3D2F3630}.Debug|Any CPU.Build.0 = Debug|Any CPU
		{3CD59906-6F94-44BE-8AA1-827E3D2F3630}.Release|Any CPU.ActiveCfg = Release|Any CPU
		{3CD59906-6F94-44BE-8AA1-827E3D2F3630}.Release|Any CPU.Build.0 = Release|Any CPU
	EndGlobalSection
EndGlobal
