
Microsoft Visual Studio Solution File, Format Version 12.00
Project("{FAE04EC0-301F-11D3-BF4B-00C04F79EFBC}") = "OAuth2_Identity", "OAuth2_Identity\OAuth2_Identity.csproj", "{3CD59906-6F94-44BE-8AA1-827E3D2F3630}"
EndProject
Project("{FAE04EC0-301F-11D3-BF4B-00C04F79EFBC}") = "OAuth2_Identity.Core", "OAuth2_Identity.Core\OAuth2_Identity.Core.csproj", "{3DA7EE8F-F675-4A5D-92ED-97D58FC037C2}"
EndProject
Project("{FAE04EC0-301F-11D3-BF4B-00C04F79EFBC}") = "OAuth2_Identity.Entities", "OAuth2_Identity.Entities\OAuth2_Identity.Entities.csproj", "{56616E07-8D60-4EF4-8D94-0619D864FFC2}"
EndProject
Project("{FAE04EC0-301F-11D3-BF4B-00C04F79EFBC}") = "OAuth2_Identity.Models", "OAuth2_Identity.Models\OAuth2_Identity.Models.csproj", "{6EAF5443-0E85-441D-AD5B-13BA992D6FC0}"
EndProject
Project("{FAE04EC0-301F-11D3-BF4B-00C04F79EFBC}") = "OAuth2_Identity.Proxy", "OAuth2_Identity.Proxy\OAuth2_Identity.Proxy.csproj", "{8C369F37-A935-4230-A0CB-28CE6CD1F8B5}"
EndProject
Project("{FAE04EC0-301F-11D3-BF4B-00C04F79EFBC}") = "OAuth2_Identity.Resources", "OAuth2_Identity.Resources\OAuth2_Identity.Resources.csproj", "{8A97B2EF-03B7-410D-B9F3-93647E0DEE55}"
EndProject
Project("{2150E333-8FDC-42A3-9474-1A3956D46DE8}") = "Identity", "Identity", "{4430A655-DEFD-407B-B359-92175661FA9B}"
EndProject
Project("{2150E333-8FDC-42A3-9474-1A3956D46DE8}") = "Resource", "Resource", "{C0C91C71-9F06-4966-8A7D-685D27D331C7}"
EndProject
Project("{FAE04EC0-301F-11D3-BF4B-00C04F79EFBC}") = "OAuth2_Identity.Resources.Entities", "OAuth2_Identity.Resources.Entities\OAuth2_Identity.Resources.Entities.csproj", "{65C7C8E8-E8A3-4AA0-A1AB-7CD6DB362533}"
EndProject
Project("{FAE04EC0-301F-11D3-BF4B-00C04F79EFBC}") = "OAuth2_Identity.Resources.Models", "OAuth2_Identity.Resources.Models\OAuth2_Identity.Resources.Models.csproj", "{50F58F4E-611C-4507-9C3A-927849D731DB}"
EndProject
Project("{FAE04EC0-301F-11D3-BF4B-00C04F79EFBC}") = "OAuth2_Identity.Resources.Core", "OAuth2_Identity.Resources.Core\OAuth2_Identity.Resources.Core.csproj", "{25E4CE16-635C-46EC-8163-4CC578F11845}"
EndProject
Global
	GlobalSection(SolutionConfigurationPlatforms) = preSolution
		Debug|Any CPU = Debug|Any CPU
		Release|Any CPU = Release|Any CPU
	EndGlobalSection
	GlobalSection(ProjectConfigurationPlatforms) = postSolution
		{3CD59906-6F94-44BE-8AA1-827E3D2F3630}.Debug|Any CPU.ActiveCfg = Debug|Any CPU
		{3CD59906-6F94-44BE-8AA1-827E3D2F3630}.Debug|Any CPU.Build.0 = Debug|Any CPU
		{3CD59906-6F94-44BE-8AA1-827E3D2F3630}.Release|Any CPU.ActiveCfg = Release|Any CPU
		{3CD59906-6F94-44BE-8AA1-827E3D2F3630}.Release|Any CPU.Build.0 = Release|Any CPU
		{3DA7EE8F-F675-4A5D-92ED-97D58FC037C2}.Debug|Any CPU.ActiveCfg = Debug|Any CPU
		{3DA7EE8F-F675-4A5D-92ED-97D58FC037C2}.Debug|Any CPU.Build.0 = Debug|Any CPU
		{3DA7EE8F-F675-4A5D-92ED-97D58FC037C2}.Release|Any CPU.ActiveCfg = Release|Any CPU
		{3DA7EE8F-F675-4A5D-92ED-97D58FC037C2}.Release|Any CPU.Build.0 = Release|Any CPU
		{56616E07-8D60-4EF4-8D94-0619D864FFC2}.Debug|Any CPU.ActiveCfg = Debug|Any CPU
		{56616E07-8D60-4EF4-8D94-0619D864FFC2}.Debug|Any CPU.Build.0 = Debug|Any CPU
		{56616E07-8D60-4EF4-8D94-0619D864FFC2}.Release|Any CPU.ActiveCfg = Release|Any CPU
		{56616E07-8D60-4EF4-8D94-0619D864FFC2}.Release|Any CPU.Build.0 = Release|Any CPU
		{6EAF5443-0E85-441D-AD5B-13BA992D6FC0}.Debug|Any CPU.ActiveCfg = Debug|Any CPU
		{6EAF5443-0E85-441D-AD5B-13BA992D6FC0}.Debug|Any CPU.Build.0 = Debug|Any CPU
		{6EAF5443-0E85-441D-AD5B-13BA992D6FC0}.Release|Any CPU.ActiveCfg = Release|Any CPU
		{6EAF5443-0E85-441D-AD5B-13BA992D6FC0}.Release|Any CPU.Build.0 = Release|Any CPU
		{8C369F37-A935-4230-A0CB-28CE6CD1F8B5}.Debug|Any CPU.ActiveCfg = Debug|Any CPU
		{8C369F37-A935-4230-A0CB-28CE6CD1F8B5}.Debug|Any CPU.Build.0 = Debug|Any CPU
		{8C369F37-A935-4230-A0CB-28CE6CD1F8B5}.Release|Any CPU.ActiveCfg = Release|Any CPU
		{8C369F37-A935-4230-A0CB-28CE6CD1F8B5}.Release|Any CPU.Build.0 = Release|Any CPU
		{8A97B2EF-03B7-410D-B9F3-93647E0DEE55}.Debug|Any CPU.ActiveCfg = Debug|Any CPU
		{8A97B2EF-03B7-410D-B9F3-93647E0DEE55}.Debug|Any CPU.Build.0 = Debug|Any CPU
		{8A97B2EF-03B7-410D-B9F3-93647E0DEE55}.Release|Any CPU.ActiveCfg = Release|Any CPU
		{8A97B2EF-03B7-410D-B9F3-93647E0DEE55}.Release|Any CPU.Build.0 = Release|Any CPU
		{65C7C8E8-E8A3-4AA0-A1AB-7CD6DB362533}.Debug|Any CPU.ActiveCfg = Debug|Any CPU
		{65C7C8E8-E8A3-4AA0-A1AB-7CD6DB362533}.Debug|Any CPU.Build.0 = Debug|Any CPU
		{65C7C8E8-E8A3-4AA0-A1AB-7CD6DB362533}.Release|Any CPU.ActiveCfg = Release|Any CPU
		{65C7C8E8-E8A3-4AA0-A1AB-7CD6DB362533}.Release|Any CPU.Build.0 = Release|Any CPU
		{50F58F4E-611C-4507-9C3A-927849D731DB}.Debug|Any CPU.ActiveCfg = Debug|Any CPU
		{50F58F4E-611C-4507-9C3A-927849D731DB}.Debug|Any CPU.Build.0 = Debug|Any CPU
		{50F58F4E-611C-4507-9C3A-927849D731DB}.Release|Any CPU.ActiveCfg = Release|Any CPU
		{50F58F4E-611C-4507-9C3A-927849D731DB}.Release|Any CPU.Build.0 = Release|Any CPU
		{25E4CE16-635C-46EC-8163-4CC578F11845}.Debug|Any CPU.ActiveCfg = Debug|Any CPU
		{25E4CE16-635C-46EC-8163-4CC578F11845}.Debug|Any CPU.Build.0 = Debug|Any CPU
		{25E4CE16-635C-46EC-8163-4CC578F11845}.Release|Any CPU.ActiveCfg = Release|Any CPU
		{25E4CE16-635C-46EC-8163-4CC578F11845}.Release|Any CPU.Build.0 = Release|Any CPU
	EndGlobalSection
	GlobalSection(NestedProjects) = preSolution
		{3CD59906-6F94-44BE-8AA1-827E3D2F3630} = {4430A655-DEFD-407B-B359-92175661FA9B}
		{3DA7EE8F-F675-4A5D-92ED-97D58FC037C2} = {4430A655-DEFD-407B-B359-92175661FA9B}
		{56616E07-8D60-4EF4-8D94-0619D864FFC2} = {4430A655-DEFD-407B-B359-92175661FA9B}
		{6EAF5443-0E85-441D-AD5B-13BA992D6FC0} = {4430A655-DEFD-407B-B359-92175661FA9B}
		{8A97B2EF-03B7-410D-B9F3-93647E0DEE55} = {C0C91C71-9F06-4966-8A7D-685D27D331C7}
		{65C7C8E8-E8A3-4AA0-A1AB-7CD6DB362533} = {C0C91C71-9F06-4966-8A7D-685D27D331C7}
		{50F58F4E-611C-4507-9C3A-927849D731DB} = {C0C91C71-9F06-4966-8A7D-685D27D331C7}
		{25E4CE16-635C-46EC-8163-4CC578F11845} = {C0C91C71-9F06-4966-8A7D-685D27D331C7}
	EndGlobalSection
EndGlobal
